// !$*UTF8*$!
{
	archiveVersion = 1;
	classes = {
	};
	objectVersion = 50;
	objects = {

/* Begin PBXBuildFile section */
		4A672A2420CE332F00B2575A /* AppDelegate.m in Sources */ = {isa = PBXBuildFile; fileRef = 4A672A2320CE332F00B2575A /* AppDelegate.m */; };
		4A672A2720CE332F00B2575A /* ViewController.m in Sources */ = {isa = PBXBuildFile; fileRef = 4A672A2620CE332F00B2575A /* ViewController.m */; };
		4A672A2A20CE332F00B2575A /* Main.storyboard in Resources */ = {isa = PBXBuildFile; fileRef = 4A672A2820CE332F00B2575A /* Main.storyboard */; };
		4A672A2C20CE333000B2575A /* Assets.xcassets in Resources */ = {isa = PBXBuildFile; fileRef = 4A672A2B20CE333000B2575A /* Assets.xcassets */; };
		4A672A2F20CE333000B2575A /* LaunchScreen.storyboard in Resources */ = {isa = PBXBuildFile; fileRef = 4A672A2D20CE333000B2575A /* LaunchScreen.storyboard */; };
		4A672A3220CE333000B2575A /* main.m in Sources */ = {isa = PBXBuildFile; fileRef = 4A672A3120CE333000B2575A /* main.m */; };
		4A672A4020CE347E00B2575A /* libstellite_http_client.a in Frameworks */ = {isa = PBXBuildFile; fileRef = 4A672A3F20CE347E00B2575A /* libstellite_http_client.a */; };
		4A672A4620CE3AFC00B2575A /* StellitePlayer.mm in Sources */ = {isa = PBXBuildFile; fileRef = 4A672A4520CE3AFC00B2575A /* StellitePlayer.mm */; };
		4A672A5520CE4A0C00B2575A /* libc++.tbd in Frameworks */ = {isa = PBXBuildFile; fileRef = 4A672A5420CE4A0C00B2575A /* libc++.tbd */; };
		4A672A7E20CE4D6100B2575A /* libStelliteTestLib.a in Frameworks */ = {isa = PBXBuildFile; fileRef = 4A672A7D20CE4D6100B2575A /* libStelliteTestLib.a */; };
/* End PBXBuildFile section */

/* Begin PBXContainerItemProxy section */
		4A672A7B20CE4CCB00B2575A /* PBXContainerItemProxy */ = {
			isa = PBXContainerItemProxy;
			containerPortal = 4A672A7720CE4CCB00B2575A /* StelliteTestLib.xcodeproj */;
			proxyType = 2;
			remoteGlobalIDString = 4A672A5F20CE4B9C00B2575A;
			remoteInfo = StelliteTestLib;
		};
/* End PBXContainerItemProxy section */

/* Begin PBXFileReference section */
		4A672A1F20CE332F00B2575A /* StelliteTest.app */ = {isa = PBXFileReference; explicitFileType = wrapper.application; includeInIndex = 0; path = StelliteTest.app; sourceTree = BUILT_PRODUCTS_DIR; };
		4A672A2220CE332F00B2575A /* AppDelegate.h */ = {isa = PBXFileReference; lastKnownFileType = sourcecode.c.h; path = AppDelegate.h; sourceTree = "<group>"; };
		4A672A2320CE332F00B2575A /* AppDelegate.m */ = {isa = PBXFileReference; lastKnownFileType = sourcecode.c.objc; path = AppDelegate.m; sourceTree = "<group>"; };
		4A672A2520CE332F00B2575A /* ViewController.h */ = {isa = PBXFileReference; lastKnownFileType = sourcecode.c.h; path = ViewController.h; sourceTree = "<group>"; };
		4A672A2620CE332F00B2575A /* ViewController.m */ = {isa = PBXFileReference; lastKnownFileType = sourcecode.c.objc; path = ViewController.m; sourceTree = "<group>"; };
		4A672A2920CE332F00B2575A /* Base */ = {isa = PBXFileReference; lastKnownFileType = file.storyboard; name = Base; path = Base.lproj/Main.storyboard; sourceTree = "<group>"; };
		4A672A2B20CE333000B2575A /* Assets.xcassets */ = {isa = PBXFileReference; lastKnownFileType = folder.assetcatalog; path = Assets.xcassets; sourceTree = "<group>"; };
		4A672A2E20CE333000B2575A /* Base */ = {isa = PBXFileReference; lastKnownFileType = file.storyboard; name = Base; path = Base.lproj/LaunchScreen.storyboard; sourceTree = "<group>"; };
		4A672A3020CE333000B2575A /* Info.plist */ = {isa = PBXFileReference; lastKnownFileType = text.plist.xml; path = Info.plist; sourceTree = "<group>"; };
		4A672A3120CE333000B2575A /* main.m */ = {isa = PBXFileReference; lastKnownFileType = sourcecode.c.objc; path = main.m; sourceTree = "<group>"; };
		4A672A3F20CE347E00B2575A /* libstellite_http_client.a */ = {isa = PBXFileReference; lastKnownFileType = archive.ar; path = libstellite_http_client.a; sourceTree = "<group>"; };
		4A672A4420CE3AFC00B2575A /* StellitePlayer.h */ = {isa = PBXFileReference; lastKnownFileType = sourcecode.c.h; path = StellitePlayer.h; sourceTree = "<group>"; };
		4A672A4520CE3AFC00B2575A /* StellitePlayer.mm */ = {isa = PBXFileReference; lastKnownFileType = sourcecode.cpp.objcpp; path = StellitePlayer.mm; sourceTree = "<group>"; };
		4A672A5420CE4A0C00B2575A /* libc++.tbd */ = {isa = PBXFileReference; lastKnownFileType = "sourcecode.text-based-dylib-definition"; name = "libc++.tbd"; path = "usr/lib/libc++.tbd"; sourceTree = SDKROOT; };
		4A672A7720CE4CCB00B2575A /* StelliteTestLib.xcodeproj */ = {isa = PBXFileReference; lastKnownFileType = "wrapper.pb-project"; name = StelliteTestLib.xcodeproj; path = ../StelliteTestLib/StelliteTestLib.xcodeproj; sourceTree = "<group>"; };
		4A672A7D20CE4D6100B2575A /* libStelliteTestLib.a */ = {isa = PBXFileReference; lastKnownFileType = archive.ar; name = libStelliteTestLib.a; path = "../../../../../Library/Developer/Xcode/DerivedData/StelliteTest-avkbjdetfuhzwucjakkoydxmqxcx/Build/Products/Debug-iphonesimulator/libStelliteTestLib.a"; sourceTree = "<group>"; };
/* End PBXFileReference section */

/* Begin PBXFrameworksBuildPhase section */
		4A672A1C20CE332F00B2575A /* Frameworks */ = {
			isa = PBXFrameworksBuildPhase;
			buildActionMask = 2147483647;
			files = (
				4A672A5520CE4A0C00B2575A /* libc++.tbd in Frameworks */,
				4A672A7E20CE4D6100B2575A /* libStelliteTestLib.a in Frameworks */,
				4A672A4020CE347E00B2575A /* libstellite_http_client.a in Frameworks */,
			);
			runOnlyForDeploymentPostprocessing = 0;
		};
/* End PBXFrameworksBuildPhase section */

/* Begin PBXGroup section */
		4A672A1620CE332F00B2575A = {
			isa = PBXGroup;
			children = (
				4A672A7720CE4CCB00B2575A /* StelliteTestLib.xcodeproj */,
				4A672A2120CE332F00B2575A /* StelliteTest */,
				4A672A2020CE332F00B2575A /* Products */,
				4A672A4720CE452300B2575A /* Frameworks */,
			);
			sourceTree = "<group>";
		};
		4A672A2020CE332F00B2575A /* Products */ = {
			isa = PBXGroup;
			children = (
				4A672A1F20CE332F00B2575A /* StelliteTest.app */,
			);
			name = Products;
			sourceTree = "<group>";
		};
		4A672A2120CE332F00B2575A /* StelliteTest */ = {
			isa = PBXGroup;
			children = (
				4A672A2220CE332F00B2575A /* AppDelegate.h */,
				4A672A2320CE332F00B2575A /* AppDelegate.m */,
				4A672A2520CE332F00B2575A /* ViewController.h */,
				4A672A2620CE332F00B2575A /* ViewController.m */,
				4A672A4420CE3AFC00B2575A /* StellitePlayer.h */,
				4A672A4520CE3AFC00B2575A /* StellitePlayer.mm */,
				4A672A2820CE332F00B2575A /* Main.storyboard */,
				4A672A2B20CE333000B2575A /* Assets.xcassets */,
				4A672A2D20CE333000B2575A /* LaunchScreen.storyboard */,
				4A672A3120CE333000B2575A /* main.m */,
				4A672A3020CE333000B2575A /* Info.plist */,
				4A672A3F20CE347E00B2575A /* libstellite_http_client.a */,
				4A672A7D20CE4D6100B2575A /* libStelliteTestLib.a */,
			);
			path = StelliteTest;
			sourceTree = "<group>";
		};
		4A672A4720CE452300B2575A /* Frameworks */ = {
			isa = PBXGroup;
			children = (
				4A672A5420CE4A0C00B2575A /* libc++.tbd */,
			);
			name = Frameworks;
			sourceTree = "<group>";
		};
		4A672A7820CE4CCB00B2575A /* Products */ = {
			isa = PBXGroup;
			children = (
				4A672A7C20CE4CCB00B2575A /* libStelliteTestLib.a */,
			);
			name = Products;
			sourceTree = "<group>";
		};
/* End PBXGroup section */

/* Begin PBXNativeTarget section */
		4A672A1E20CE332F00B2575A /* StelliteTest */ = {
			isa = PBXNativeTarget;
			buildConfigurationList = 4A672A3520CE333000B2575A /* Build configuration list for PBXNativeTarget "StelliteTest" */;
			buildPhases = (
				4A672A1B20CE332F00B2575A /* Sources */,
				4A672A1C20CE332F00B2575A /* Frameworks */,
				4A672A1D20CE332F00B2575A /* Resources */,
			);
			buildRules = (
			);
			dependencies = (
			);
			name = StelliteTest;
			productName = StelliteTest;
			productReference = 4A672A1F20CE332F00B2575A /* StelliteTest.app */;
			productType = "com.apple.product-type.application";
		};
/* End PBXNativeTarget section */

/* Begin PBXProject section */
		4A672A1720CE332F00B2575A /* Project object */ = {
			isa = PBXProject;
			attributes = {
				LastUpgradeCheck = 0930;
				ORGANIZATIONNAME = Naver;
				TargetAttributes = {
					4A672A1E20CE332F00B2575A = {
						CreatedOnToolsVersion = 9.3;
					};
				};
			};
			buildConfigurationList = 4A672A1A20CE332F00B2575A /* Build configuration list for PBXProject "StelliteTest" */;
			compatibilityVersion = "Xcode 9.3";
			developmentRegion = en;
			hasScannedForEncodings = 0;
			knownRegions = (
				en,
				Base,
			);
			mainGroup = 4A672A1620CE332F00B2575A;
			productRefGroup = 4A672A2020CE332F00B2575A /* Products */;
			projectDirPath = "";
			projectReferences = (
				{
					ProductGroup = 4A672A7820CE4CCB00B2575A /* Products */;
					ProjectRef = 4A672A7720CE4CCB00B2575A /* StelliteTestLib.xcodeproj */;
				},
			);
			projectRoot = "";
			targets = (
				4A672A1E20CE332F00B2575A /* StelliteTest */,
			);
		};
/* End PBXProject section */

/* Begin PBXReferenceProxy section */
		4A672A7C20CE4CCB00B2575A /* libStelliteTestLib.a */ = {
			isa = PBXReferenceProxy;
			fileType = archive.ar;
			path = libStelliteTestLib.a;
			remoteRef = 4A672A7B20CE4CCB00B2575A /* PBXContainerItemProxy */;
			sourceTree = BUILT_PRODUCTS_DIR;
		};
/* End PBXReferenceProxy section */

/* Begin PBXResourcesBuildPhase section */
		4A672A1D20CE332F00B2575A /* Resources */ = {
			isa = PBXResourcesBuildPhase;
			buildActionMask = 2147483647;
			files = (
				4A672A2F20CE333000B2575A /* LaunchScreen.storyboard in Resources */,
				4A672A2C20CE333000B2575A /* Assets.xcassets in Resources */,
				4A672A2A20CE332F00B2575A /* Main.storyboard in Resources */,
			);
			runOnlyForDeploymentPostprocessing = 0;
		};
/* End PBXResourcesBuildPhase section */

/* Begin PBXSourcesBuildPhase section */
		4A672A1B20CE332F00B2575A /* Sources */ = {
			isa = PBXSourcesBuildPhase;
			buildActionMask = 2147483647;
			files = (
				4A672A2720CE332F00B2575A /* ViewController.m in Sources */,
				4A672A3220CE333000B2575A /* main.m in Sources */,
				4A672A4620CE3AFC00B2575A /* StellitePlayer.mm in Sources */,
				4A672A2420CE332F00B2575A /* AppDelegate.m in Sources */,
			);
			runOnlyForDeploymentPostprocessing = 0;
		};
/* End PBXSourcesBuildPhase section */

/* Begin PBXVariantGroup section */
		4A672A2820CE332F00B2575A /* Main.storyboard */ = {
			isa = PBXVariantGroup;
			children = (
				4A672A2920CE332F00B2575A /* Base */,
			);
			name = Main.storyboard;
			sourceTree = "<group>";
		};
		4A672A2D20CE333000B2575A /* LaunchScreen.storyboard */ = {
			isa = PBXVariantGroup;
			children = (
				4A672A2E20CE333000B2575A /* Base */,
			);
			name = LaunchScreen.storyboard;
			sourceTree = "<group>";
		};
/* End PBXVariantGroup section */

/* Begin XCBuildConfiguration section */
		4A672A3320CE333000B2575A /* Debug */ = {
			isa = XCBuildConfiguration;
			buildSettings = {
				ALWAYS_SEARCH_USER_PATHS = NO;
				CLANG_ANALYZER_NONNULL = YES;
				CLANG_ANALYZER_NUMBER_OBJECT_CONVERSION = YES_AGGRESSIVE;
				CLANG_CXX_LANGUAGE_STANDARD = "compiler-default";
				CLANG_CXX_LIBRARY = "compiler-default";
				CLANG_ENABLE_MODULES = YES;
				CLANG_ENABLE_OBJC_ARC = YES;
				CLANG_ENABLE_OBJC_WEAK = YES;
				CLANG_WARN_BLOCK_CAPTURE_AUTORELEASING = YES;
				CLANG_WARN_BOOL_CONVERSION = YES;
				CLANG_WARN_COMMA = YES;
				CLANG_WARN_CONSTANT_CONVERSION = YES;
				CLANG_WARN_DEPRECATED_OBJC_IMPLEMENTATIONS = YES;
				CLANG_WARN_DIRECT_OBJC_ISA_USAGE = YES_ERROR;
				CLANG_WARN_DOCUMENTATION_COMMENTS = YES;
				CLANG_WARN_EMPTY_BODY = YES;
				CLANG_WARN_ENUM_CONVERSION = YES;
				CLANG_WARN_INFINITE_RECURSION = YES;
				CLANG_WARN_INT_CONVERSION = YES;
				CLANG_WARN_NON_LITERAL_NULL_CONVERSION = YES;
				CLANG_WARN_OBJC_IMPLICIT_RETAIN_SELF = YES;
				CLANG_WARN_OBJC_LITERAL_CONVERSION = YES;
				CLANG_WARN_OBJC_ROOT_CLASS = YES_ERROR;
				CLANG_WARN_RANGE_LOOP_ANALYSIS = YES;
				CLANG_WARN_STRICT_PROTOTYPES = YES;
				CLANG_WARN_SUSPICIOUS_MOVE = YES;
				CLANG_WARN_UNGUARDED_AVAILABILITY = YES_AGGRESSIVE;
				CLANG_WARN_UNREACHABLE_CODE = YES;
				CLANG_WARN__DUPLICATE_METHOD_MATCH = YES;
				CODE_SIGN_IDENTITY = "iPhone Developer";
				COPY_PHASE_STRIP = NO;
				DEBUG_INFORMATION_FORMAT = dwarf;
				ENABLE_STRICT_OBJC_MSGSEND = YES;
				ENABLE_TESTABILITY = YES;
				GCC_C_LANGUAGE_STANDARD = gnu11;
				GCC_DYNAMIC_NO_PIC = NO;
				GCC_INPUT_FILETYPE = sourcecode.cpp.objcpp;
				GCC_NO_COMMON_BLOCKS = YES;
				GCC_OPTIMIZATION_LEVEL = 0;
				GCC_PREPROCESSOR_DEFINITIONS = (
					"DEBUG=1",
					"$(inherited)",
				);
				GCC_WARN_64_TO_32_BIT_CONVERSION = YES;
				GCC_WARN_ABOUT_RETURN_TYPE = YES_ERROR;
				GCC_WARN_UNDECLARED_SELECTOR = YES;
				GCC_WARN_UNINITIALIZED_AUTOS = YES_AGGRESSIVE;
				GCC_WARN_UNUSED_FUNCTION = YES;
				GCC_WARN_UNUSED_VARIABLE = YES;
				IPHONEOS_DEPLOYMENT_TARGET = 11.3;
				MTL_ENABLE_DEBUG_INFO = YES;
				ONLY_ACTIVE_ARCH = YES;
				SDKROOT = iphoneos;
			};
			name = Debug;
		};
		4A672A3420CE333000B2575A /* Release */ = {
			isa = XCBuildConfiguration;
			buildSettings = {
				ALWAYS_SEARCH_USER_PATHS = NO;
				CLANG_ANALYZER_NONNULL = YES;
				CLANG_ANALYZER_NUMBER_OBJECT_CONVERSION = YES_AGGRESSIVE;
				CLANG_CXX_LANGUAGE_STANDARD = "compiler-default";
				CLANG_CXX_LIBRARY = "compiler-default";
				CLANG_ENABLE_MODULES = YES;
				CLANG_ENABLE_OBJC_ARC = YES;
				CLANG_ENABLE_OBJC_WEAK = YES;
				CLANG_WARN_BLOCK_CAPTURE_AUTORELEASING = YES;
				CLANG_WARN_BOOL_CONVERSION = YES;
				CLANG_WARN_COMMA = YES;
				CLANG_WARN_CONSTANT_CONVERSION = YES;
				CLANG_WARN_DEPRECATED_OBJC_IMPLEMENTATIONS = YES;
				CLANG_WARN_DIRECT_OBJC_ISA_USAGE = YES_ERROR;
				CLANG_WARN_DOCUMENTATION_COMMENTS = YES;
				CLANG_WARN_EMPTY_BODY = YES;
				CLANG_WARN_ENUM_CONVERSION = YES;
				CLANG_WARN_INFINITE_RECURSION = YES;
				CLANG_WARN_INT_CONVERSION = YES;
				CLANG_WARN_NON_LITERAL_NULL_CONVERSION = YES;
				CLANG_WARN_OBJC_IMPLICIT_RETAIN_SELF = YES;
				CLANG_WARN_OBJC_LITERAL_CONVERSION = YES;
				CLANG_WARN_OBJC_ROOT_CLASS = YES_ERROR;
				CLANG_WARN_RANGE_LOOP_ANALYSIS = YES;
				CLANG_WARN_STRICT_PROTOTYPES = YES;
				CLANG_WARN_SUSPICIOUS_MOVE = YES;
				CLANG_WARN_UNGUARDED_AVAILABILITY = YES_AGGRESSIVE;
				CLANG_WARN_UNREACHABLE_CODE = YES;
				CLANG_WARN__DUPLICATE_METHOD_MATCH = YES;
				CODE_SIGN_IDENTITY = "iPhone Developer";
				COPY_PHASE_STRIP = NO;
				DEBUG_INFORMATION_FORMAT = "dwarf-with-dsym";
				ENABLE_NS_ASSERTIONS = NO;
				ENABLE_STRICT_OBJC_MSGSEND = YES;
				GCC_C_LANGUAGE_STANDARD = gnu11;
				GCC_INPUT_FILETYPE = sourcecode.cpp.objcpp;
				GCC_NO_COMMON_BLOCKS = YES;
				GCC_WARN_64_TO_32_BIT_CONVERSION = YES;
				GCC_WARN_ABOUT_RETURN_TYPE = YES_ERROR;
				GCC_WARN_UNDECLARED_SELECTOR = YES;
				GCC_WARN_UNINITIALIZED_AUTOS = YES_AGGRESSIVE;
				GCC_WARN_UNUSED_FUNCTION = YES;
				GCC_WARN_UNUSED_VARIABLE = YES;
				IPHONEOS_DEPLOYMENT_TARGET = 11.3;
				MTL_ENABLE_DEBUG_INFO = NO;
				SDKROOT = iphoneos;
				VALIDATE_PRODUCT = YES;
			};
			name = Release;
		};
		4A672A3620CE333000B2575A /* Debug */ = {
			isa = XCBuildConfiguration;
			buildSettings = {
				ASSETCATALOG_COMPILER_APPICON_NAME = AppIcon;
				CLANG_CXX_LANGUAGE_STANDARD = "compiler-default";
				CLANG_CXX_LIBRARY = "compiler-default";
				CODE_SIGN_STYLE = Automatic;
				DEVELOPMENT_TEAM = A2YJ9ZX2DS;
				GCC_C_LANGUAGE_STANDARD = "compiler-default";
				GCC_INPUT_FILETYPE = automatic;
				GCC_SYMBOLS_PRIVATE_EXTERN = NO;
				HEADER_SEARCH_PATHS = "$(SRCROOT)/include/**";
				INFOPLIST_FILE = StelliteTest/Info.plist;
				LD_RUNPATH_SEARCH_PATHS = (
					"$(inherited)",
					"@executable_path/Frameworks",
				);
				LIBRARY_SEARCH_PATHS = (
					"$(inherited)",
					"$(PROJECT_DIR)/lib",
				);
				OTHER_CPLUSPLUSFLAGS = (
					"$(OTHER_CFLAGS)",
					"-std=c++11",
					"-DDEBUG",
					"'-std=gnu++11'",
					"-Wall",
					"-pthread",
				);
				OTHER_LDFLAGS = "-lstellite_http_client";
				PRODUCT_BUNDLE_IDENTIFIER = com.navercorp.BroadcastSDK.TestApp;
				PRODUCT_NAME = "$(TARGET_NAME)";
				TARGETED_DEVICE_FAMILY = "1,2";
			};
			name = Debug;
		};
		4A672A3720CE333000B2575A /* Release */ = {
			isa = XCBuildConfiguration;
			buildSettings = {
				ASSETCATALOG_COMPILER_APPICON_NAME = AppIcon;
				CLANG_CXX_LANGUAGE_STANDARD = "compiler-default";
				CLANG_CXX_LIBRARY = "compiler-default";
				CODE_SIGN_STYLE = Automatic;
				DEVELOPMENT_TEAM = A2YJ9ZX2DS;
				GCC_C_LANGUAGE_STANDARD = "compiler-default";
				GCC_INPUT_FILETYPE = automatic;
				GCC_SYMBOLS_PRIVATE_EXTERN = NO;
				HEADER_SEARCH_PATHS = "$(SRCROOT)/include/**";
				INFOPLIST_FILE = StelliteTest/Info.plist;
				LD_RUNPATH_SEARCH_PATHS = (
					"$(inherited)",
					"@executable_path/Frameworks",
				);
				LIBRARY_SEARCH_PATHS = (
					"$(inherited)",
					"$(PROJECT_DIR)/lib",
				);
				OTHER_CPLUSPLUSFLAGS = (
					"$(OTHER_CFLAGS)",
					"-std=c++11",
					"-DDEBUG",
					"'-std=gnu++11'",
					"-Wall",
					"-pthread",
				);
				OTHER_LDFLAGS = "-lstellite_http_client";
				PRODUCT_BUNDLE_IDENTIFIER = com.navercorp.BroadcastSDK.TestApp;
				PRODUCT_NAME = "$(TARGET_NAME)";
				TARGETED_DEVICE_FAMILY = "1,2";
			};
			name = Release;
		};
/* End XCBuildConfiguration section */

/* Begin XCConfigurationList section */
		4A672A1A20CE332F00B2575A /* Build configuration list for PBXProject "StelliteTest" */ = {
			isa = XCConfigurationList;
			buildConfigurations = (
				4A672A3320CE333000B2575A /* Debug */,
				4A672A3420CE333000B2575A /* Release */,
			);
			defaultConfigurationIsVisible = 0;
			defaultConfigurationName = Release;
		};
		4A672A3520CE333000B2575A /* Build configuration list for PBXNativeTarget "StelliteTest" */ = {
			isa = XCConfigurationList;
			buildConfigurations = (
				4A672A3620CE333000B2575A /* Debug */,
				4A672A3720CE333000B2575A /* Release */,
			);
			defaultConfigurationIsVisible = 0;
			defaultConfigurationName = Release;
		};
/* End XCConfigurationList section */
	};
	rootObject = 4A672A1720CE332F00B2575A /* Project object */;
}
